// !$*UTF8*$!
{
	archiveVersion = 1;
	classes = {
	};
	objectVersion = 50;
	objects = {

/* Begin PBXBuildFile section */
		2207831725378F7A00C3B92D /* Coordinator.swift in Sources */ = {isa = PBXBuildFile; fileRef = 2207831625378F7A00C3B92D /* Coordinator.swift */; };
		2207831925378FAB00C3B92D /* MainCoordinator.swift in Sources */ = {isa = PBXBuildFile; fileRef = 2207831825378FAB00C3B92D /* MainCoordinator.swift */; };
		223364D52540BE69007273CC /* Localizable.strings in Resources */ = {isa = PBXBuildFile; fileRef = 223364D72540BE69007273CC /* Localizable.strings */; };
		223364DD2540E176007273CC /* Strings.swift in Sources */ = {isa = PBXBuildFile; fileRef = 223364DC2540E176007273CC /* Strings.swift */; };
		2247E7AC2525D9B2000E3014 /* CategoryViewModel.swift in Sources */ = {isa = PBXBuildFile; fileRef = 2247E7AB2525D9B2000E3014 /* CategoryViewModel.swift */; };
		2247E7AE2525EBF5000E3014 /* UnitsViewController.swift in Sources */ = {isa = PBXBuildFile; fileRef = 2247E7AD2525EBF5000E3014 /* UnitsViewController.swift */; };
		224D71B625227FD200D00889 /* CategoryCell.swift in Sources */ = {isa = PBXBuildFile; fileRef = 224D71B525227FD200D00889 /* CategoryCell.swift */; };
		225274842523242D003F3C59 /* CategoryCollectionViewDelegate.swift in Sources */ = {isa = PBXBuildFile; fileRef = 225274832523242D003F3C59 /* CategoryCollectionViewDelegate.swift */; };
		225277E225397943006E9890 /* UIViewController.swift in Sources */ = {isa = PBXBuildFile; fileRef = 225277E125397943006E9890 /* UIViewController.swift */; };
		2253233F25305B5F00084FAC /* MetrologyTests.swift in Sources */ = {isa = PBXBuildFile; fileRef = 2253233E25305B5F00084FAC /* MetrologyTests.swift */; };
		225323472530962300084FAC /* README.md in Resources */ = {isa = PBXBuildFile; fileRef = 225323462530962300084FAC /* README.md */; };
		225355CD2529B76A00048DC3 /* UnitCell.swift in Sources */ = {isa = PBXBuildFile; fileRef = 225355CC2529B76A00048DC3 /* UnitCell.swift */; };
		225355CF2529F7DC00048DC3 /* DimensionViewModel.swift in Sources */ = {isa = PBXBuildFile; fileRef = 225355CE2529F7DC00048DC3 /* DimensionViewModel.swift */; };
		2255043B2520C8D800BC6590 /* AppDelegate.swift in Sources */ = {isa = PBXBuildFile; fileRef = 2255043A2520C8D800BC6590 /* AppDelegate.swift */; };
		2255043D2520C8D800BC6590 /* SceneDelegate.swift in Sources */ = {isa = PBXBuildFile; fileRef = 2255043C2520C8D800BC6590 /* SceneDelegate.swift */; };
		2255043F2520C8D800BC6590 /* CategoryViewController.swift in Sources */ = {isa = PBXBuildFile; fileRef = 2255043E2520C8D800BC6590 /* CategoryViewController.swift */; };
		225504422520C8D800BC6590 /* Main.storyboard in Resources */ = {isa = PBXBuildFile; fileRef = 225504402520C8D800BC6590 /* Main.storyboard */; };
		225504442520C8DA00BC6590 /* Assets.xcassets in Resources */ = {isa = PBXBuildFile; fileRef = 225504432520C8DA00BC6590 /* Assets.xcassets */; };
		225504472520C8DA00BC6590 /* LaunchScreen.storyboard in Resources */ = {isa = PBXBuildFile; fileRef = 225504452520C8DA00BC6590 /* LaunchScreen.storyboard */; };
		2255044F2520D31F00BC6590 /* Category.swift in Sources */ = {isa = PBXBuildFile; fileRef = 2255044E2520D31F00BC6590 /* Category.swift */; };
		225B433F255A854F00A21BED /* Storage.swift in Sources */ = {isa = PBXBuildFile; fileRef = 225B433E255A854F00A21BED /* Storage.swift */; };
		2267829D2527ADB300131A41 /* UnitsTableViewDelegate.swift in Sources */ = {isa = PBXBuildFile; fileRef = 2267829C2527ADB300131A41 /* UnitsTableViewDelegate.swift */; };
		226A80632562841600824EEF /* UnitsViewController+Mode.swift in Sources */ = {isa = PBXBuildFile; fileRef = 226A80622562841600824EEF /* UnitsViewController+Mode.swift */; };
		22F38C9C255D42BC001E511A /* Category+Variations.swift in Sources */ = {isa = PBXBuildFile; fileRef = 22F38C9B255D42BC001E511A /* Category+Variations.swift */; };
/* End PBXBuildFile section */

/* Begin PBXContainerItemProxy section */
		2253234125305B5F00084FAC /* PBXContainerItemProxy */ = {
			isa = PBXContainerItemProxy;
			containerPortal = 2255042F2520C8D700BC6590 /* Project object */;
			proxyType = 1;
			remoteGlobalIDString = 225504362520C8D800BC6590;
			remoteInfo = UConvert;
		};
/* End PBXContainerItemProxy section */

/* Begin PBXFileReference section */
		2207831625378F7A00C3B92D /* Coordinator.swift */ = {isa = PBXFileReference; lastKnownFileType = sourcecode.swift; path = Coordinator.swift; sourceTree = "<group>"; };
		2207831825378FAB00C3B92D /* MainCoordinator.swift */ = {isa = PBXFileReference; lastKnownFileType = sourcecode.swift; path = MainCoordinator.swift; sourceTree = "<group>"; };
		223364D62540BE69007273CC /* en */ = {isa = PBXFileReference; lastKnownFileType = text.plist.strings; name = en; path = en.lproj/Localizable.strings; sourceTree = "<group>"; };
		223364DC2540E176007273CC /* Strings.swift */ = {isa = PBXFileReference; lastKnownFileType = sourcecode.swift; path = Strings.swift; sourceTree = "<group>"; };
		223364DE2540E3D9007273CC /* fr */ = {isa = PBXFileReference; lastKnownFileType = text.plist.strings; name = fr; path = fr.lproj/Main.strings; sourceTree = "<group>"; };
		223364DF2540E3DA007273CC /* fr */ = {isa = PBXFileReference; lastKnownFileType = text.plist.strings; name = fr; path = fr.lproj/LaunchScreen.strings; sourceTree = "<group>"; };
		223364E02540E3FF007273CC /* fr */ = {isa = PBXFileReference; lastKnownFileType = text.plist.strings; name = fr; path = fr.lproj/Localizable.strings; sourceTree = "<group>"; };
		2247E7AB2525D9B2000E3014 /* CategoryViewModel.swift */ = {isa = PBXFileReference; lastKnownFileType = sourcecode.swift; path = CategoryViewModel.swift; sourceTree = "<group>"; };
		2247E7AD2525EBF5000E3014 /* UnitsViewController.swift */ = {isa = PBXFileReference; lastKnownFileType = sourcecode.swift; path = UnitsViewController.swift; sourceTree = "<group>"; };
		224D71B525227FD200D00889 /* CategoryCell.swift */ = {isa = PBXFileReference; lastKnownFileType = sourcecode.swift; path = CategoryCell.swift; sourceTree = "<group>"; };
		225274832523242D003F3C59 /* CategoryCollectionViewDelegate.swift */ = {isa = PBXFileReference; lastKnownFileType = sourcecode.swift; path = CategoryCollectionViewDelegate.swift; sourceTree = "<group>"; };
		225277E125397943006E9890 /* UIViewController.swift */ = {isa = PBXFileReference; lastKnownFileType = sourcecode.swift; path = UIViewController.swift; sourceTree = "<group>"; };
		2253233C25305B5F00084FAC /* MetrologyTests.xctest */ = {isa = PBXFileReference; explicitFileType = wrapper.cfbundle; includeInIndex = 0; path = MetrologyTests.xctest; sourceTree = BUILT_PRODUCTS_DIR; };
		2253233E25305B5F00084FAC /* MetrologyTests.swift */ = {isa = PBXFileReference; lastKnownFileType = sourcecode.swift; path = MetrologyTests.swift; sourceTree = "<group>"; };
		2253234025305B5F00084FAC /* Info.plist */ = {isa = PBXFileReference; lastKnownFileType = text.plist.xml; path = Info.plist; sourceTree = "<group>"; };
		225323462530962300084FAC /* README.md */ = {isa = PBXFileReference; lastKnownFileType = net.daringfireball.markdown; path = README.md; sourceTree = "<group>"; xcLanguageSpecificationIdentifier = xcode.lang.markdown; };
		225355CC2529B76A00048DC3 /* UnitCell.swift */ = {isa = PBXFileReference; lastKnownFileType = sourcecode.swift; path = UnitCell.swift; sourceTree = "<group>"; };
		225355CE2529F7DC00048DC3 /* DimensionViewModel.swift */ = {isa = PBXFileReference; lastKnownFileType = sourcecode.swift; path = DimensionViewModel.swift; sourceTree = "<group>"; };
		225504372520C8D800BC6590 /* Metrology.app */ = {isa = PBXFileReference; explicitFileType = wrapper.application; includeInIndex = 0; path = Metrology.app; sourceTree = BUILT_PRODUCTS_DIR; };
		2255043A2520C8D800BC6590 /* AppDelegate.swift */ = {isa = PBXFileReference; lastKnownFileType = sourcecode.swift; path = AppDelegate.swift; sourceTree = "<group>"; };
		2255043C2520C8D800BC6590 /* SceneDelegate.swift */ = {isa = PBXFileReference; lastKnownFileType = sourcecode.swift; path = SceneDelegate.swift; sourceTree = "<group>"; };
		2255043E2520C8D800BC6590 /* CategoryViewController.swift */ = {isa = PBXFileReference; lastKnownFileType = sourcecode.swift; path = CategoryViewController.swift; sourceTree = "<group>"; };
		225504412520C8D800BC6590 /* Base */ = {isa = PBXFileReference; lastKnownFileType = file.storyboard; name = Base; path = Base.lproj/Main.storyboard; sourceTree = "<group>"; };
		225504432520C8DA00BC6590 /* Assets.xcassets */ = {isa = PBXFileReference; lastKnownFileType = folder.assetcatalog; path = Assets.xcassets; sourceTree = "<group>"; };
		225504462520C8DA00BC6590 /* Base */ = {isa = PBXFileReference; lastKnownFileType = file.storyboard; name = Base; path = Base.lproj/LaunchScreen.storyboard; sourceTree = "<group>"; };
		225504482520C8DA00BC6590 /* Info.plist */ = {isa = PBXFileReference; lastKnownFileType = text.plist.xml; path = Info.plist; sourceTree = "<group>"; };
		2255044E2520D31F00BC6590 /* Category.swift */ = {isa = PBXFileReference; lastKnownFileType = sourcecode.swift; path = Category.swift; sourceTree = "<group>"; };
		225B433E255A854F00A21BED /* Storage.swift */ = {isa = PBXFileReference; lastKnownFileType = sourcecode.swift; path = Storage.swift; sourceTree = "<group>"; };
		2267829C2527ADB300131A41 /* UnitsTableViewDelegate.swift */ = {isa = PBXFileReference; lastKnownFileType = sourcecode.swift; path = UnitsTableViewDelegate.swift; sourceTree = "<group>"; };
		226A80622562841600824EEF /* UnitsViewController+Mode.swift */ = {isa = PBXFileReference; lastKnownFileType = sourcecode.swift; path = "UnitsViewController+Mode.swift"; sourceTree = "<group>"; };
		22F38C9B255D42BC001E511A /* Category+Variations.swift */ = {isa = PBXFileReference; lastKnownFileType = sourcecode.swift; path = "Category+Variations.swift"; sourceTree = "<group>"; };
/* End PBXFileReference section */

/* Begin PBXFrameworksBuildPhase section */
		2253233925305B5F00084FAC /* Frameworks */ = {
			isa = PBXFrameworksBuildPhase;
			buildActionMask = 2147483647;
			files = (
			);
			runOnlyForDeploymentPostprocessing = 0;
		};
		225504342520C8D800BC6590 /* Frameworks */ = {
			isa = PBXFrameworksBuildPhase;
			buildActionMask = 2147483647;
			files = (
			);
			runOnlyForDeploymentPostprocessing = 0;
		};
/* End PBXFrameworksBuildPhase section */

/* Begin PBXGroup section */
		2207831525378F4800C3B92D /* Coordinator */ = {
			isa = PBXGroup;
			children = (
				2207831625378F7A00C3B92D /* Coordinator.swift */,
				2207831825378FAB00C3B92D /* MainCoordinator.swift */,
			);
			path = Coordinator;
			sourceTree = "<group>";
		};
		223364DB2540E163007273CC /* Config */ = {
			isa = PBXGroup;
			children = (
				223364DC2540E176007273CC /* Strings.swift */,
			);
			path = Config;
			sourceTree = "<group>";
		};
		2247E7AA2525D98B000E3014 /* ViewModel */ = {
			isa = PBXGroup;
			children = (
				2247E7AB2525D9B2000E3014 /* CategoryViewModel.swift */,
				225355CE2529F7DC00048DC3 /* DimensionViewModel.swift */,
			);
			path = ViewModel;
			sourceTree = "<group>";
		};
		224D71B42522247600D00889 /* View */ = {
			isa = PBXGroup;
			children = (
				225504402520C8D800BC6590 /* Main.storyboard */,
				2255043E2520C8D800BC6590 /* CategoryViewController.swift */,
				225274832523242D003F3C59 /* CategoryCollectionViewDelegate.swift */,
				224D71B525227FD200D00889 /* CategoryCell.swift */,
				2247E7AD2525EBF5000E3014 /* UnitsViewController.swift */,
				2267829C2527ADB300131A41 /* UnitsTableViewDelegate.swift */,
				225355CC2529B76A00048DC3 /* UnitCell.swift */,
			);
			path = View;
			sourceTree = "<group>";
		};
		225277E0253978F7006E9890 /* Extension */ = {
			isa = PBXGroup;
			children = (
				225277E125397943006E9890 /* UIViewController.swift */,
				226A80622562841600824EEF /* UnitsViewController+Mode.swift */,
			);
			path = Extension;
			sourceTree = "<group>";
		};
		2253233D25305B5F00084FAC /* MetrologyTests */ = {
			isa = PBXGroup;
			children = (
				2253233E25305B5F00084FAC /* MetrologyTests.swift */,
				2253234025305B5F00084FAC /* Info.plist */,
			);
			path = MetrologyTests;
			sourceTree = "<group>";
		};
		2255042E2520C8D700BC6590 = {
			isa = PBXGroup;
			children = (
				225323462530962300084FAC /* README.md */,
				225504392520C8D800BC6590 /* Metrology */,
				2253233D25305B5F00084FAC /* MetrologyTests */,
				225504382520C8D800BC6590 /* Products */,
			);
			sourceTree = "<group>";
		};
		225504382520C8D800BC6590 /* Products */ = {
			isa = PBXGroup;
			children = (
				225504372520C8D800BC6590 /* Metrology.app */,
				2253233C25305B5F00084FAC /* MetrologyTests.xctest */,
			);
			name = Products;
			sourceTree = "<group>";
		};
		225504392520C8D800BC6590 /* Metrology */ = {
			isa = PBXGroup;
			children = (
				2207831525378F4800C3B92D /* Coordinator */,
				225504512520F61200BC6590 /* Model */,
				2247E7AA2525D98B000E3014 /* ViewModel */,
				224D71B42522247600D00889 /* View */,
				225277E0253978F7006E9890 /* Extension */,
				223364DB2540E163007273CC /* Config */,
				225504502520D36400BC6590 /* Supporting Files */,
			);
			path = Metrology;
			sourceTree = "<group>";
		};
		225504502520D36400BC6590 /* Supporting Files */ = {
			isa = PBXGroup;
			children = (
				225504482520C8DA00BC6590 /* Info.plist */,
				2255043A2520C8D800BC6590 /* AppDelegate.swift */,
				2255043C2520C8D800BC6590 /* SceneDelegate.swift */,
				225504452520C8DA00BC6590 /* LaunchScreen.storyboard */,
				225504432520C8DA00BC6590 /* Assets.xcassets */,
				223364D72540BE69007273CC /* Localizable.strings */,
			);
			path = "Supporting Files";
			sourceTree = "<group>";
		};
		225504512520F61200BC6590 /* Model */ = {
			isa = PBXGroup;
			children = (
				2255044E2520D31F00BC6590 /* Category.swift */,
				22F38C9B255D42BC001E511A /* Category+Variations.swift */,
				225B433E255A854F00A21BED /* Storage.swift */,
			);
			path = Model;
			sourceTree = "<group>";
		};
/* End PBXGroup section */

/* Begin PBXNativeTarget section */
		2253233B25305B5F00084FAC /* MetrologyTests */ = {
			isa = PBXNativeTarget;
			buildConfigurationList = 2253234525305B5F00084FAC /* Build configuration list for PBXNativeTarget "MetrologyTests" */;
			buildPhases = (
				2253233825305B5F00084FAC /* Sources */,
				2253233925305B5F00084FAC /* Frameworks */,
				2253233A25305B5F00084FAC /* Resources */,
			);
			buildRules = (
			);
			dependencies = (
				2253234225305B5F00084FAC /* PBXTargetDependency */,
			);
			name = MetrologyTests;
			productName = UConvertTests;
			productReference = 2253233C25305B5F00084FAC /* MetrologyTests.xctest */;
			productType = "com.apple.product-type.bundle.unit-test";
		};
		225504362520C8D800BC6590 /* Metrology */ = {
			isa = PBXNativeTarget;
			buildConfigurationList = 2255044B2520C8DA00BC6590 /* Build configuration list for PBXNativeTarget "Metrology" */;
			buildPhases = (
				225504332520C8D800BC6590 /* Sources */,
				225504342520C8D800BC6590 /* Frameworks */,
				225504352520C8D800BC6590 /* Resources */,
			);
			buildRules = (
			);
			dependencies = (
			);
			name = Metrology;
			productName = UConvert;
			productReference = 225504372520C8D800BC6590 /* Metrology.app */;
			productType = "com.apple.product-type.application";
		};
/* End PBXNativeTarget section */

/* Begin PBXProject section */
		2255042F2520C8D700BC6590 /* Project object */ = {
			isa = PBXProject;
			attributes = {
				LastSwiftUpdateCheck = 1170;
				LastUpgradeCheck = 1210;
				ORGANIZATIONNAME = Co5ta;
				TargetAttributes = {
					2253233B25305B5F00084FAC = {
						CreatedOnToolsVersion = 11.7;
						TestTargetID = 225504362520C8D800BC6590;
					};
					225504362520C8D800BC6590 = {
						CreatedOnToolsVersion = 11.7;
					};
				};
			};
			buildConfigurationList = 225504322520C8D700BC6590 /* Build configuration list for PBXProject "Metrology" */;
			compatibilityVersion = "Xcode 9.3";
			developmentRegion = en;
			hasScannedForEncodings = 0;
			knownRegions = (
				en,
				Base,
				fr,
			);
			mainGroup = 2255042E2520C8D700BC6590;
			productRefGroup = 225504382520C8D800BC6590 /* Products */;
			projectDirPath = "";
			projectRoot = "";
			targets = (
				225504362520C8D800BC6590 /* Metrology */,
				2253233B25305B5F00084FAC /* MetrologyTests */,
			);
		};
/* End PBXProject section */

/* Begin PBXResourcesBuildPhase section */
		2253233A25305B5F00084FAC /* Resources */ = {
			isa = PBXResourcesBuildPhase;
			buildActionMask = 2147483647;
			files = (
			);
			runOnlyForDeploymentPostprocessing = 0;
		};
		225504352520C8D800BC6590 /* Resources */ = {
			isa = PBXResourcesBuildPhase;
			buildActionMask = 2147483647;
			files = (
				223364D52540BE69007273CC /* Localizable.strings in Resources */,
				225504472520C8DA00BC6590 /* LaunchScreen.storyboard in Resources */,
				225504442520C8DA00BC6590 /* Assets.xcassets in Resources */,
				225323472530962300084FAC /* README.md in Resources */,
				225504422520C8D800BC6590 /* Main.storyboard in Resources */,
			);
			runOnlyForDeploymentPostprocessing = 0;
		};
/* End PBXResourcesBuildPhase section */

/* Begin PBXSourcesBuildPhase section */
		2253233825305B5F00084FAC /* Sources */ = {
			isa = PBXSourcesBuildPhase;
			buildActionMask = 2147483647;
			files = (
				2253233F25305B5F00084FAC /* MetrologyTests.swift in Sources */,
			);
			runOnlyForDeploymentPostprocessing = 0;
		};
		225504332520C8D800BC6590 /* Sources */ = {
			isa = PBXSourcesBuildPhase;
			buildActionMask = 2147483647;
			files = (
				2247E7AC2525D9B2000E3014 /* CategoryViewModel.swift in Sources */,
				2255043F2520C8D800BC6590 /* CategoryViewController.swift in Sources */,
				2207831925378FAB00C3B92D /* MainCoordinator.swift in Sources */,
				224D71B625227FD200D00889 /* CategoryCell.swift in Sources */,
				2255043B2520C8D800BC6590 /* AppDelegate.swift in Sources */,
				2255043D2520C8D800BC6590 /* SceneDelegate.swift in Sources */,
				225277E225397943006E9890 /* UIViewController.swift in Sources */,
				223364DD2540E176007273CC /* Strings.swift in Sources */,
				225274842523242D003F3C59 /* CategoryCollectionViewDelegate.swift in Sources */,
				2255044F2520D31F00BC6590 /* Category.swift in Sources */,
				22F38C9C255D42BC001E511A /* Category+Variations.swift in Sources */,
				2247E7AE2525EBF5000E3014 /* UnitsViewController.swift in Sources */,
				2207831725378F7A00C3B92D /* Coordinator.swift in Sources */,
				2267829D2527ADB300131A41 /* UnitsTableViewDelegate.swift in Sources */,
				225B433F255A854F00A21BED /* Storage.swift in Sources */,
				225355CD2529B76A00048DC3 /* UnitCell.swift in Sources */,
				226A80632562841600824EEF /* UnitsViewController+Mode.swift in Sources */,
				225355CF2529F7DC00048DC3 /* DimensionViewModel.swift in Sources */,
			);
			runOnlyForDeploymentPostprocessing = 0;
		};
/* End PBXSourcesBuildPhase section */

/* Begin PBXTargetDependency section */
		2253234225305B5F00084FAC /* PBXTargetDependency */ = {
			isa = PBXTargetDependency;
			target = 225504362520C8D800BC6590 /* Metrology */;
			targetProxy = 2253234125305B5F00084FAC /* PBXContainerItemProxy */;
		};
/* End PBXTargetDependency section */

/* Begin PBXVariantGroup section */
		223364D72540BE69007273CC /* Localizable.strings */ = {
			isa = PBXVariantGroup;
			children = (
				223364D62540BE69007273CC /* en */,
				223364E02540E3FF007273CC /* fr */,
			);
			name = Localizable.strings;
			sourceTree = "<group>";
		};
		225504402520C8D800BC6590 /* Main.storyboard */ = {
			isa = PBXVariantGroup;
			children = (
				225504412520C8D800BC6590 /* Base */,
				223364DE2540E3D9007273CC /* fr */,
			);
			name = Main.storyboard;
			sourceTree = "<group>";
		};
		225504452520C8DA00BC6590 /* LaunchScreen.storyboard */ = {
			isa = PBXVariantGroup;
			children = (
				225504462520C8DA00BC6590 /* Base */,
				223364DF2540E3DA007273CC /* fr */,
			);
			name = LaunchScreen.storyboard;
			sourceTree = "<group>";
		};
/* End PBXVariantGroup section */

/* Begin XCBuildConfiguration section */
		2253234325305B5F00084FAC /* Debug */ = {
			isa = XCBuildConfiguration;
			buildSettings = {
				BUNDLE_LOADER = "$(TEST_HOST)";
				CODE_SIGN_STYLE = Automatic;
				DEVELOPMENT_TEAM = PQ32JTG8M8;
				INFOPLIST_FILE = MetrologyTests/Info.plist;
				IPHONEOS_DEPLOYMENT_TARGET = 13.7;
				LD_RUNPATH_SEARCH_PATHS = (
					"$(inherited)",
					"@executable_path/Frameworks",
					"@loader_path/Frameworks",
				);
				PRODUCT_BUNDLE_IDENTIFIER = com.co5ta.MetrologyTests;
				PRODUCT_NAME = "$(TARGET_NAME)";
				SWIFT_VERSION = 5.0;
				TARGETED_DEVICE_FAMILY = "1,2";
				TEST_HOST = "$(BUILT_PRODUCTS_DIR)/Metrology.app/Metrology";
			};
			name = Debug;
		};
		2253234425305B5F00084FAC /* Release */ = {
			isa = XCBuildConfiguration;
			buildSettings = {
				BUNDLE_LOADER = "$(TEST_HOST)";
				CODE_SIGN_STYLE = Automatic;
				DEVELOPMENT_TEAM = PQ32JTG8M8;
				INFOPLIST_FILE = MetrologyTests/Info.plist;
				IPHONEOS_DEPLOYMENT_TARGET = 13.7;
				LD_RUNPATH_SEARCH_PATHS = (
					"$(inherited)",
					"@executable_path/Frameworks",
					"@loader_path/Frameworks",
				);
				PRODUCT_BUNDLE_IDENTIFIER = com.co5ta.MetrologyTests;
				PRODUCT_NAME = "$(TARGET_NAME)";
				SWIFT_VERSION = 5.0;
				TARGETED_DEVICE_FAMILY = "1,2";
				TEST_HOST = "$(BUILT_PRODUCTS_DIR)/Metrology.app/Metrology";
			};
			name = Release;
		};
		225504492520C8DA00BC6590 /* Debug */ = {
			isa = XCBuildConfiguration;
			buildSettings = {
				ALWAYS_SEARCH_USER_PATHS = NO;
				CLANG_ANALYZER_LOCALIZABILITY_NONLOCALIZED = YES;
				CLANG_ANALYZER_NONNULL = YES;
				CLANG_ANALYZER_NUMBER_OBJECT_CONVERSION = YES_AGGRESSIVE;
				CLANG_CXX_LANGUAGE_STANDARD = "gnu++14";
				CLANG_CXX_LIBRARY = "libc++";
				CLANG_ENABLE_MODULES = YES;
				CLANG_ENABLE_OBJC_ARC = YES;
				CLANG_ENABLE_OBJC_WEAK = YES;
				CLANG_WARN_BLOCK_CAPTURE_AUTORELEASING = YES;
				CLANG_WARN_BOOL_CONVERSION = YES;
				CLANG_WARN_COMMA = YES;
				CLANG_WARN_CONSTANT_CONVERSION = YES;
				CLANG_WARN_DEPRECATED_OBJC_IMPLEMENTATIONS = YES;
				CLANG_WARN_DIRECT_OBJC_ISA_USAGE = YES_ERROR;
				CLANG_WARN_DOCUMENTATION_COMMENTS = YES;
				CLANG_WARN_EMPTY_BODY = YES;
				CLANG_WARN_ENUM_CONVERSION = YES;
				CLANG_WARN_INFINITE_RECURSION = YES;
				CLANG_WARN_INT_CONVERSION = YES;
				CLANG_WARN_NON_LITERAL_NULL_CONVERSION = YES;
				CLANG_WARN_OBJC_IMPLICIT_RETAIN_SELF = YES;
				CLANG_WARN_OBJC_LITERAL_CONVERSION = YES;
				CLANG_WARN_OBJC_ROOT_CLASS = YES_ERROR;
				CLANG_WARN_QUOTED_INCLUDE_IN_FRAMEWORK_HEADER = YES;
				CLANG_WARN_RANGE_LOOP_ANALYSIS = YES;
				CLANG_WARN_STRICT_PROTOTYPES = YES;
				CLANG_WARN_SUSPICIOUS_MOVE = YES;
				CLANG_WARN_UNGUARDED_AVAILABILITY = YES_AGGRESSIVE;
				CLANG_WARN_UNREACHABLE_CODE = YES;
				CLANG_WARN__DUPLICATE_METHOD_MATCH = YES;
				COPY_PHASE_STRIP = NO;
				DEBUG_INFORMATION_FORMAT = dwarf;
				ENABLE_STRICT_OBJC_MSGSEND = YES;
				ENABLE_TESTABILITY = YES;
				GCC_C_LANGUAGE_STANDARD = gnu11;
				GCC_DYNAMIC_NO_PIC = NO;
				GCC_NO_COMMON_BLOCKS = YES;
				GCC_OPTIMIZATION_LEVEL = 0;
				GCC_PREPROCESSOR_DEFINITIONS = (
					"DEBUG=1",
					"$(inherited)",
				);
				GCC_WARN_64_TO_32_BIT_CONVERSION = YES;
				GCC_WARN_ABOUT_RETURN_TYPE = YES_ERROR;
				GCC_WARN_UNDECLARED_SELECTOR = YES;
				GCC_WARN_UNINITIALIZED_AUTOS = YES_AGGRESSIVE;
				GCC_WARN_UNUSED_FUNCTION = YES;
				GCC_WARN_UNUSED_VARIABLE = YES;
				IPHONEOS_DEPLOYMENT_TARGET = 13.0;
				MTL_ENABLE_DEBUG_INFO = INCLUDE_SOURCE;
				MTL_FAST_MATH = YES;
				ONLY_ACTIVE_ARCH = YES;
				SDKROOT = iphoneos;
				SWIFT_ACTIVE_COMPILATION_CONDITIONS = DEBUG;
				SWIFT_OPTIMIZATION_LEVEL = "-Onone";
			};
			name = Debug;
		};
		2255044A2520C8DA00BC6590 /* Release */ = {
			isa = XCBuildConfiguration;
			buildSettings = {
				ALWAYS_SEARCH_USER_PATHS = NO;
				CLANG_ANALYZER_LOCALIZABILITY_NONLOCALIZED = YES;
				CLANG_ANALYZER_NONNULL = YES;
				CLANG_ANALYZER_NUMBER_OBJECT_CONVERSION = YES_AGGRESSIVE;
				CLANG_CXX_LANGUAGE_STANDARD = "gnu++14";
				CLANG_CXX_LIBRARY = "libc++";
				CLANG_ENABLE_MODULES = YES;
				CLANG_ENABLE_OBJC_ARC = YES;
				CLANG_ENABLE_OBJC_WEAK = YES;
				CLANG_WARN_BLOCK_CAPTURE_AUTORELEASING = YES;
				CLANG_WARN_BOOL_CONVERSION = YES;
				CLANG_WARN_COMMA = YES;
				CLANG_WARN_CONSTANT_CONVERSION = YES;
				CLANG_WARN_DEPRECATED_OBJC_IMPLEMENTATIONS = YES;
				CLANG_WARN_DIRECT_OBJC_ISA_USAGE = YES_ERROR;
				CLANG_WARN_DOCUMENTATION_COMMENTS = YES;
				CLANG_WARN_EMPTY_BODY = YES;
				CLANG_WARN_ENUM_CONVERSION = YES;
				CLANG_WARN_INFINITE_RECURSION = YES;
				CLANG_WARN_INT_CONVERSION = YES;
				CLANG_WARN_NON_LITERAL_NULL_CONVERSION = YES;
				CLANG_WARN_OBJC_IMPLICIT_RETAIN_SELF = YES;
				CLANG_WARN_OBJC_LITERAL_CONVERSION = YES;
				CLANG_WARN_OBJC_ROOT_CLASS = YES_ERROR;
				CLANG_WARN_QUOTED_INCLUDE_IN_FRAMEWORK_HEADER = YES;
				CLANG_WARN_RANGE_LOOP_ANALYSIS = YES;
				CLANG_WARN_STRICT_PROTOTYPES = YES;
				CLANG_WARN_SUSPICIOUS_MOVE = YES;
				CLANG_WARN_UNGUARDED_AVAILABILITY = YES_AGGRESSIVE;
				CLANG_WARN_UNREACHABLE_CODE = YES;
				CLANG_WARN__DUPLICATE_METHOD_MATCH = YES;
				COPY_PHASE_STRIP = NO;
				DEBUG_INFORMATION_FORMAT = "dwarf-with-dsym";
				ENABLE_NS_ASSERTIONS = NO;
				ENABLE_STRICT_OBJC_MSGSEND = YES;
				GCC_C_LANGUAGE_STANDARD = gnu11;
				GCC_NO_COMMON_BLOCKS = YES;
				GCC_WARN_64_TO_32_BIT_CONVERSION = YES;
				GCC_WARN_ABOUT_RETURN_TYPE = YES_ERROR;
				GCC_WARN_UNDECLARED_SELECTOR = YES;
				GCC_WARN_UNINITIALIZED_AUTOS = YES_AGGRESSIVE;
				GCC_WARN_UNUSED_FUNCTION = YES;
				GCC_WARN_UNUSED_VARIABLE = YES;
				IPHONEOS_DEPLOYMENT_TARGET = 13.0;
				MTL_ENABLE_DEBUG_INFO = NO;
				MTL_FAST_MATH = YES;
				SDKROOT = iphoneos;
				SWIFT_COMPILATION_MODE = wholemodule;
				SWIFT_OPTIMIZATION_LEVEL = "-O";
				VALIDATE_PRODUCT = YES;
			};
			name = Release;
		};
		2255044C2520C8DA00BC6590 /* Debug */ = {
			isa = XCBuildConfiguration;
			buildSettings = {
				ASSETCATALOG_COMPILER_APPICON_NAME = AppIcon;
				CODE_SIGN_STYLE = Automatic;
				CURRENT_PROJECT_VERSION = 2;
				DEVELOPMENT_TEAM = PQ32JTG8M8;
				INFOPLIST_FILE = "Metrology/Supporting Files/Info.plist";
				LD_RUNPATH_SEARCH_PATHS = (
					"$(inherited)",
					"@executable_path/Frameworks",
				);
				PRODUCT_BUNDLE_IDENTIFIER = com.co5ta.Metrology;
				PRODUCT_NAME = "$(TARGET_NAME)";
				SWIFT_VERSION = 5.0;
				TARGETED_DEVICE_FAMILY = "1,2";
			};
			name = Debug;
		};
		2255044D2520C8DA00BC6590 /* Release */ = {
			isa = XCBuildConfiguration;
			buildSettings = {
				ASSETCATALOG_COMPILER_APPICON_NAME = AppIcon;
				CODE_SIGN_STYLE = Automatic;
				CURRENT_PROJECT_VERSION = 2;
				DEVELOPMENT_TEAM = PQ32JTG8M8;
				INFOPLIST_FILE = "Metrology/Supporting Files/Info.plist";
				LD_RUNPATH_SEARCH_PATHS = (
					"$(inherited)",
					"@executable_path/Frameworks",
				);
				PRODUCT_BUNDLE_IDENTIFIER = com.co5ta.Metrology;
				PRODUCT_NAME = "$(TARGET_NAME)";
				SWIFT_VERSION = 5.0;
				TARGETED_DEVICE_FAMILY = "1,2";
			};
			name = Release;
		};
/* End XCBuildConfiguration section */

/* Begin XCConfigurationList section */
		2253234525305B5F00084FAC /* Build configuration list for PBXNativeTarget "MetrologyTests" */ = {
			isa = XCConfigurationList;
			buildConfigurations = (
				2253234325305B5F00084FAC /* Debug */,
				2253234425305B5F00084FAC /* Release */,
			);
			defaultConfigurationIsVisible = 0;
			defaultConfigurationName = Release;
		};
		225504322520C8D700BC6590 /* Build configuration list for PBXProject "Metrology" */ = {
			isa = XCConfigurationList;
			buildConfigurations = (
				225504492520C8DA00BC6590 /* Debug */,
				2255044A2520C8DA00BC6590 /* Release */,
			);
			defaultConfigurationIsVisible = 0;
			defaultConfigurationName = Release;
		};
		2255044B2520C8DA00BC6590 /* Build configuration list for PBXNativeTarget "Metrology" */ = {
			isa = XCConfigurationList;
			buildConfigurations = (
				2255044C2520C8DA00BC6590 /* Debug */,
				2255044D2520C8DA00BC6590 /* Release */,
			);
			defaultConfigurationIsVisible = 0;
			defaultConfigurationName = Release;
		};
/* End XCConfigurationList section */
	};
	rootObject = 2255042F2520C8D700BC6590 /* Project object */;
}
